// !$*UTF8*$!
{
	archiveVersion = 1;
	classes = {
	};
	objectVersion = 50;
	objects = {

/* Begin PBXBuildFile section */
		09490A18219B540A008AB8D2 /* AppDelegate.swift in Sources */ = {isa = PBXBuildFile; fileRef = 09490A17219B540A008AB8D2 /* AppDelegate.swift */; };
		09490A1A219B540A008AB8D2 /* ViewController.swift in Sources */ = {isa = PBXBuildFile; fileRef = 09490A19219B540A008AB8D2 /* ViewController.swift */; };
		09490A1D219B540A008AB8D2 /* Main.storyboard in Resources */ = {isa = PBXBuildFile; fileRef = 09490A1B219B540A008AB8D2 /* Main.storyboard */; };
		09490A1F219B540D008AB8D2 /* Assets.xcassets in Resources */ = {isa = PBXBuildFile; fileRef = 09490A1E219B540D008AB8D2 /* Assets.xcassets */; };
		09490A22219B540D008AB8D2 /* LaunchScreen.storyboard in Resources */ = {isa = PBXBuildFile; fileRef = 09490A20219B540D008AB8D2 /* LaunchScreen.storyboard */; };
		09490A2D219B540D008AB8D2 /* ifood_mobile_testTests.swift in Sources */ = {isa = PBXBuildFile; fileRef = 09490A2C219B540D008AB8D2 /* ifood_mobile_testTests.swift */; };
		09490A38219B540D008AB8D2 /* ifood_mobile_testUITests.swift in Sources */ = {isa = PBXBuildFile; fileRef = 09490A37219B540D008AB8D2 /* ifood_mobile_testUITests.swift */; };
/* End PBXBuildFile section */

/* Begin PBXContainerItemProxy section */
		09490A29219B540D008AB8D2 /* PBXContainerItemProxy */ = {
			isa = PBXContainerItemProxy;
			containerPortal = 09490A0C219B540A008AB8D2 /* Project object */;
			proxyType = 1;
			remoteGlobalIDString = 09490A13219B540A008AB8D2;
			remoteInfo = "ifood-mobile-test";
		};
		09490A34219B540D008AB8D2 /* PBXContainerItemProxy */ = {
			isa = PBXContainerItemProxy;
			containerPortal = 09490A0C219B540A008AB8D2 /* Project object */;
			proxyType = 1;
			remoteGlobalIDString = 09490A13219B540A008AB8D2;
			remoteInfo = "ifood-mobile-test";
		};
/* End PBXContainerItemProxy section */

/* Begin PBXFileReference section */
		09490A14219B540A008AB8D2 /* ifood-mobile-test.app */ = {isa = PBXFileReference; explicitFileType = wrapper.application; includeInIndex = 0; path = "ifood-mobile-test.app"; sourceTree = BUILT_PRODUCTS_DIR; };
		09490A17219B540A008AB8D2 /* AppDelegate.swift */ = {isa = PBXFileReference; lastKnownFileType = sourcecode.swift; path = AppDelegate.swift; sourceTree = "<group>"; };
		09490A19219B540A008AB8D2 /* ViewController.swift */ = {isa = PBXFileReference; lastKnownFileType = sourcecode.swift; path = ViewController.swift; sourceTree = "<group>"; };
		09490A1C219B540A008AB8D2 /* Base */ = {isa = PBXFileReference; lastKnownFileType = file.storyboard; name = Base; path = Base.lproj/Main.storyboard; sourceTree = "<group>"; };
		09490A1E219B540D008AB8D2 /* Assets.xcassets */ = {isa = PBXFileReference; lastKnownFileType = folder.assetcatalog; path = Assets.xcassets; sourceTree = "<group>"; };
		09490A21219B540D008AB8D2 /* Base */ = {isa = PBXFileReference; lastKnownFileType = file.storyboard; name = Base; path = Base.lproj/LaunchScreen.storyboard; sourceTree = "<group>"; };
		09490A23219B540D008AB8D2 /* Info.plist */ = {isa = PBXFileReference; lastKnownFileType = text.plist.xml; path = Info.plist; sourceTree = "<group>"; };
		09490A28219B540D008AB8D2 /* ifood-mobile-testTests.xctest */ = {isa = PBXFileReference; explicitFileType = wrapper.cfbundle; includeInIndex = 0; path = "ifood-mobile-testTests.xctest"; sourceTree = BUILT_PRODUCTS_DIR; };
		09490A2C219B540D008AB8D2 /* ifood_mobile_testTests.swift */ = {isa = PBXFileReference; lastKnownFileType = sourcecode.swift; path = ifood_mobile_testTests.swift; sourceTree = "<group>"; };
		09490A2E219B540D008AB8D2 /* Info.plist */ = {isa = PBXFileReference; lastKnownFileType = text.plist.xml; path = Info.plist; sourceTree = "<group>"; };
		09490A33219B540D008AB8D2 /* ifood-mobile-testUITests.xctest */ = {isa = PBXFileReference; explicitFileType = wrapper.cfbundle; includeInIndex = 0; path = "ifood-mobile-testUITests.xctest"; sourceTree = BUILT_PRODUCTS_DIR; };
		09490A37219B540D008AB8D2 /* ifood_mobile_testUITests.swift */ = {isa = PBXFileReference; lastKnownFileType = sourcecode.swift; path = ifood_mobile_testUITests.swift; sourceTree = "<group>"; };
		09490A39219B540D008AB8D2 /* Info.plist */ = {isa = PBXFileReference; lastKnownFileType = text.plist.xml; path = Info.plist; sourceTree = "<group>"; };
/* End PBXFileReference section */

/* Begin PBXFrameworksBuildPhase section */
		09490A11219B540A008AB8D2 /* Frameworks */ = {
			isa = PBXFrameworksBuildPhase;
			buildActionMask = 2147483647;
			files = (
			);
			runOnlyForDeploymentPostprocessing = 0;
		};
		09490A25219B540D008AB8D2 /* Frameworks */ = {
			isa = PBXFrameworksBuildPhase;
			buildActionMask = 2147483647;
			files = (
			);
			runOnlyForDeploymentPostprocessing = 0;
		};
		09490A30219B540D008AB8D2 /* Frameworks */ = {
			isa = PBXFrameworksBuildPhase;
			buildActionMask = 2147483647;
			files = (
			);
			runOnlyForDeploymentPostprocessing = 0;
		};
/* End PBXFrameworksBuildPhase section */

/* Begin PBXGroup section */
		09490A0B219B540A008AB8D2 = {
			isa = PBXGroup;
			children = (
				09490A16219B540A008AB8D2 /* ifood-mobile-test */,
				09490A2B219B540D008AB8D2 /* ifood-mobile-testTests */,
				09490A36219B540D008AB8D2 /* ifood-mobile-testUITests */,
				09490A15219B540A008AB8D2 /* Products */,
			);
			sourceTree = "<group>";
		};
		09490A15219B540A008AB8D2 /* Products */ = {
			isa = PBXGroup;
			children = (
				09490A14219B540A008AB8D2 /* ifood-mobile-test.app */,
				09490A28219B540D008AB8D2 /* ifood-mobile-testTests.xctest */,
				09490A33219B540D008AB8D2 /* ifood-mobile-testUITests.xctest */,
			);
			name = Products;
			sourceTree = "<group>";
		};
		09490A16219B540A008AB8D2 /* ifood-mobile-test */ = {
			isa = PBXGroup;
			children = (
				09490A17219B540A008AB8D2 /* AppDelegate.swift */,
				09490A19219B540A008AB8D2 /* ViewController.swift */,
				09490A1B219B540A008AB8D2 /* Main.storyboard */,
				09490A1E219B540D008AB8D2 /* Assets.xcassets */,
				09490A20219B540D008AB8D2 /* LaunchScreen.storyboard */,
				09490A23219B540D008AB8D2 /* Info.plist */,
			);
			path = "ifood-mobile-test";
			sourceTree = "<group>";
		};
		09490A2B219B540D008AB8D2 /* ifood-mobile-testTests */ = {
			isa = PBXGroup;
			children = (
				09490A2C219B540D008AB8D2 /* ifood_mobile_testTests.swift */,
				09490A2E219B540D008AB8D2 /* Info.plist */,
			);
			path = "ifood-mobile-testTests";
			sourceTree = "<group>";
		};
		09490A36219B540D008AB8D2 /* ifood-mobile-testUITests */ = {
			isa = PBXGroup;
			children = (
				09490A37219B540D008AB8D2 /* ifood_mobile_testUITests.swift */,
				09490A39219B540D008AB8D2 /* Info.plist */,
			);
			path = "ifood-mobile-testUITests";
			sourceTree = "<group>";
		};
/* End PBXGroup section */

/* Begin PBXNativeTarget section */
		09490A13219B540A008AB8D2 /* ifood-mobile-test */ = {
			isa = PBXNativeTarget;
			buildConfigurationList = 09490A3C219B540D008AB8D2 /* Build configuration list for PBXNativeTarget "ifood-mobile-test" */;
			buildPhases = (
				09490A10219B540A008AB8D2 /* Sources */,
				09490A11219B540A008AB8D2 /* Frameworks */,
				09490A12219B540A008AB8D2 /* Resources */,
			);
			buildRules = (
			);
			dependencies = (
			);
			name = "ifood-mobile-test";
			productName = "ifood-mobile-test";
			productReference = 09490A14219B540A008AB8D2 /* ifood-mobile-test.app */;
			productType = "com.apple.product-type.application";
		};
		09490A27219B540D008AB8D2 /* ifood-mobile-testTests */ = {
			isa = PBXNativeTarget;
			buildConfigurationList = 09490A3F219B540D008AB8D2 /* Build configuration list for PBXNativeTarget "ifood-mobile-testTests" */;
			buildPhases = (
				09490A24219B540D008AB8D2 /* Sources */,
				09490A25219B540D008AB8D2 /* Frameworks */,
				09490A26219B540D008AB8D2 /* Resources */,
			);
			buildRules = (
			);
			dependencies = (
				09490A2A219B540D008AB8D2 /* PBXTargetDependency */,
			);
			name = "ifood-mobile-testTests";
			productName = "ifood-mobile-testTests";
			productReference = 09490A28219B540D008AB8D2 /* ifood-mobile-testTests.xctest */;
			productType = "com.apple.product-type.bundle.unit-test";
		};
		09490A32219B540D008AB8D2 /* ifood-mobile-testUITests */ = {
			isa = PBXNativeTarget;
			buildConfigurationList = 09490A42219B540D008AB8D2 /* Build configuration list for PBXNativeTarget "ifood-mobile-testUITests" */;
			buildPhases = (
				09490A2F219B540D008AB8D2 /* Sources */,
				09490A30219B540D008AB8D2 /* Frameworks */,
				09490A31219B540D008AB8D2 /* Resources */,
			);
			buildRules = (
			);
			dependencies = (
				09490A35219B540D008AB8D2 /* PBXTargetDependency */,
			);
			name = "ifood-mobile-testUITests";
			productName = "ifood-mobile-testUITests";
			productReference = 09490A33219B540D008AB8D2 /* ifood-mobile-testUITests.xctest */;
			productType = "com.apple.product-type.bundle.ui-testing";
		};
/* End PBXNativeTarget section */

/* Begin PBXProject section */
		09490A0C219B540A008AB8D2 /* Project object */ = {
			isa = PBXProject;
			attributes = {
				LastSwiftUpdateCheck = 1010;
				LastUpgradeCheck = 1010;
				ORGANIZATIONNAME = "Gabriel Guerrero";
				TargetAttributes = {
					09490A13219B540A008AB8D2 = {
						CreatedOnToolsVersion = 10.1;
					};
					09490A27219B540D008AB8D2 = {
						CreatedOnToolsVersion = 10.1;
						TestTargetID = 09490A13219B540A008AB8D2;
					};
					09490A32219B540D008AB8D2 = {
						CreatedOnToolsVersion = 10.1;
						TestTargetID = 09490A13219B540A008AB8D2;
					};
				};
			};
			buildConfigurationList = 09490A0F219B540A008AB8D2 /* Build configuration list for PBXProject "ifood-mobile-test" */;
			compatibilityVersion = "Xcode 9.3";
			developmentRegion = en;
			hasScannedForEncodings = 0;
			knownRegions = (
				en,
				Base,
			);
			mainGroup = 09490A0B219B540A008AB8D2;
			productRefGroup = 09490A15219B540A008AB8D2 /* Products */;
			projectDirPath = "";
			projectRoot = "";
			targets = (
				09490A13219B540A008AB8D2 /* ifood-mobile-test */,
				09490A27219B540D008AB8D2 /* ifood-mobile-testTests */,
				09490A32219B540D008AB8D2 /* ifood-mobile-testUITests */,
			);
		};
/* End PBXProject section */

/* Begin PBXResourcesBuildPhase section */
		09490A12219B540A008AB8D2 /* Resources */ = {
			isa = PBXResourcesBuildPhase;
			buildActionMask = 2147483647;
			files = (
				09490A22219B540D008AB8D2 /* LaunchScreen.storyboard in Resources */,
				09490A1F219B540D008AB8D2 /* Assets.xcassets in Resources */,
				09490A1D219B540A008AB8D2 /* Main.storyboard in Resources */,
			);
			runOnlyForDeploymentPostprocessing = 0;
		};
		09490A26219B540D008AB8D2 /* Resources */ = {
			isa = PBXResourcesBuildPhase;
			buildActionMask = 2147483647;
			files = (
			);
			runOnlyForDeploymentPostprocessing = 0;
		};
		09490A31219B540D008AB8D2 /* Resources */ = {
			isa = PBXResourcesBuildPhase;
			buildActionMask = 2147483647;
			files = (
			);
			runOnlyForDeploymentPostprocessing = 0;
		};
/* End PBXResourcesBuildPhase section */

/* Begin PBXSourcesBuildPhase section */
		09490A10219B540A008AB8D2 /* Sources */ = {
			isa = PBXSourcesBuildPhase;
			buildActionMask = 2147483647;
			files = (
				09490A1A219B540A008AB8D2 /* ViewController.swift in Sources */,
				09490A18219B540A008AB8D2 /* AppDelegate.swift in Sources */,
			);
			runOnlyForDeploymentPostprocessing = 0;
		};
		09490A24219B540D008AB8D2 /* Sources */ = {
			isa = PBXSourcesBuildPhase;
			buildActionMask = 2147483647;
			files = (
				09490A2D219B540D008AB8D2 /* ifood_mobile_testTests.swift in Sources */,
			);
			runOnlyForDeploymentPostprocessing = 0;
		};
		09490A2F219B540D008AB8D2 /* Sources */ = {
			isa = PBXSourcesBuildPhase;
			buildActionMask = 2147483647;
			files = (
				09490A38219B540D008AB8D2 /* ifood_mobile_testUITests.swift in Sources */,
			);
			runOnlyForDeploymentPostprocessing = 0;
		};
/* End PBXSourcesBuildPhase section */

/* Begin PBXTargetDependency section */
		09490A2A219B540D008AB8D2 /* PBXTargetDependency */ = {
			isa = PBXTargetDependency;
			target = 09490A13219B540A008AB8D2 /* ifood-mobile-test */;
			targetProxy = 09490A29219B540D008AB8D2 /* PBXContainerItemProxy */;
		};
		09490A35219B540D008AB8D2 /* PBXTargetDependency */ = {
			isa = PBXTargetDependency;
			target = 09490A13219B540A008AB8D2 /* ifood-mobile-test */;
			targetProxy = 09490A34219B540D008AB8D2 /* PBXContainerItemProxy */;
		};
/* End PBXTargetDependency section */

/* Begin PBXVariantGroup section */
		09490A1B219B540A008AB8D2 /* Main.storyboard */ = {
			isa = PBXVariantGroup;
			children = (
				09490A1C219B540A008AB8D2 /* Base */,
			);
			name = Main.storyboard;
			sourceTree = "<group>";
		};
		09490A20219B540D008AB8D2 /* LaunchScreen.storyboard */ = {
			isa = PBXVariantGroup;
			children = (
				09490A21219B540D008AB8D2 /* Base */,
			);
			name = LaunchScreen.storyboard;
			sourceTree = "<group>";
		};
/* End PBXVariantGroup section */

/* Begin XCBuildConfiguration section */
		09490A3A219B540D008AB8D2 /* Debug */ = {
			isa = XCBuildConfiguration;
			buildSettings = {
				ALWAYS_SEARCH_USER_PATHS = NO;
				CLANG_ANALYZER_NONNULL = YES;
				CLANG_ANALYZER_NUMBER_OBJECT_CONVERSION = YES_AGGRESSIVE;
				CLANG_CXX_LANGUAGE_STANDARD = "gnu++14";
				CLANG_CXX_LIBRARY = "libc++";
				CLANG_ENABLE_MODULES = YES;
				CLANG_ENABLE_OBJC_ARC = YES;
				CLANG_ENABLE_OBJC_WEAK = YES;
				CLANG_WARN_BLOCK_CAPTURE_AUTORELEASING = YES;
				CLANG_WARN_BOOL_CONVERSION = YES;
				CLANG_WARN_COMMA = YES;
				CLANG_WARN_CONSTANT_CONVERSION = YES;
				CLANG_WARN_DEPRECATED_OBJC_IMPLEMENTATIONS = YES;
				CLANG_WARN_DIRECT_OBJC_ISA_USAGE = YES_ERROR;
				CLANG_WARN_DOCUMENTATION_COMMENTS = YES;
				CLANG_WARN_EMPTY_BODY = YES;
				CLANG_WARN_ENUM_CONVERSION = YES;
				CLANG_WARN_INFINITE_RECURSION = YES;
				CLANG_WARN_INT_CONVERSION = YES;
				CLANG_WARN_NON_LITERAL_NULL_CONVERSION = YES;
				CLANG_WARN_OBJC_IMPLICIT_RETAIN_SELF = YES;
				CLANG_WARN_OBJC_LITERAL_CONVERSION = YES;
				CLANG_WARN_OBJC_ROOT_CLASS = YES_ERROR;
				CLANG_WARN_RANGE_LOOP_ANALYSIS = YES;
				CLANG_WARN_STRICT_PROTOTYPES = YES;
				CLANG_WARN_SUSPICIOUS_MOVE = YES;
				CLANG_WARN_UNGUARDED_AVAILABILITY = YES_AGGRESSIVE;
				CLANG_WARN_UNREACHABLE_CODE = YES;
				CLANG_WARN__DUPLICATE_METHOD_MATCH = YES;
				CODE_SIGN_IDENTITY = "iPhone Developer";
				COPY_PHASE_STRIP = NO;
				DEBUG_INFORMATION_FORMAT = dwarf;
				ENABLE_STRICT_OBJC_MSGSEND = YES;
				ENABLE_TESTABILITY = YES;
				GCC_C_LANGUAGE_STANDARD = gnu11;
				GCC_DYNAMIC_NO_PIC = NO;
				GCC_NO_COMMON_BLOCKS = YES;
				GCC_OPTIMIZATION_LEVEL = 0;
				GCC_PREPROCESSOR_DEFINITIONS = (
					"DEBUG=1",
					"$(inherited)",
				);
				GCC_WARN_64_TO_32_BIT_CONVERSION = YES;
				GCC_WARN_ABOUT_RETURN_TYPE = YES_ERROR;
				GCC_WARN_UNDECLARED_SELECTOR = YES;
				GCC_WARN_UNINITIALIZED_AUTOS = YES_AGGRESSIVE;
				GCC_WARN_UNUSED_FUNCTION = YES;
				GCC_WARN_UNUSED_VARIABLE = YES;
				IPHONEOS_DEPLOYMENT_TARGET = 12.1;
				MTL_ENABLE_DEBUG_INFO = INCLUDE_SOURCE;
				MTL_FAST_MATH = YES;
				ONLY_ACTIVE_ARCH = YES;
				SDKROOT = iphoneos;
				SWIFT_ACTIVE_COMPILATION_CONDITIONS = DEBUG;
				SWIFT_OPTIMIZATION_LEVEL = "-Onone";
			};
			name = Debug;
		};
		09490A3B219B540D008AB8D2 /* Release */ = {
			isa = XCBuildConfiguration;
			buildSettings = {
				ALWAYS_SEARCH_USER_PATHS = NO;
				CLANG_ANALYZER_NONNULL = YES;
				CLANG_ANALYZER_NUMBER_OBJECT_CONVERSION = YES_AGGRESSIVE;
				CLANG_CXX_LANGUAGE_STANDARD = "gnu++14";
				CLANG_CXX_LIBRARY = "libc++";
				CLANG_ENABLE_MODULES = YES;
				CLANG_ENABLE_OBJC_ARC = YES;
				CLANG_ENABLE_OBJC_WEAK = YES;
				CLANG_WARN_BLOCK_CAPTURE_AUTORELEASING = YES;
				CLANG_WARN_BOOL_CONVERSION = YES;
				CLANG_WARN_COMMA = YES;
				CLANG_WARN_CONSTANT_CONVERSION = YES;
				CLANG_WARN_DEPRECATED_OBJC_IMPLEMENTATIONS = YES;
				CLANG_WARN_DIRECT_OBJC_ISA_USAGE = YES_ERROR;
				CLANG_WARN_DOCUMENTATION_COMMENTS = YES;
				CLANG_WARN_EMPTY_BODY = YES;
				CLANG_WARN_ENUM_CONVERSION = YES;
				CLANG_WARN_INFINITE_RECURSION = YES;
				CLANG_WARN_INT_CONVERSION = YES;
				CLANG_WARN_NON_LITERAL_NULL_CONVERSION = YES;
				CLANG_WARN_OBJC_IMPLICIT_RETAIN_SELF = YES;
				CLANG_WARN_OBJC_LITERAL_CONVERSION = YES;
				CLANG_WARN_OBJC_ROOT_CLASS = YES_ERROR;
				CLANG_WARN_RANGE_LOOP_ANALYSIS = YES;
				CLANG_WARN_STRICT_PROTOTYPES = YES;
				CLANG_WARN_SUSPICIOUS_MOVE = YES;
				CLANG_WARN_UNGUARDED_AVAILABILITY = YES_AGGRESSIVE;
				CLANG_WARN_UNREACHABLE_CODE = YES;
				CLANG_WARN__DUPLICATE_METHOD_MATCH = YES;
				CODE_SIGN_IDENTITY = "iPhone Developer";
				COPY_PHASE_STRIP = NO;
				DEBUG_INFORMATION_FORMAT = "dwarf-with-dsym";
				ENABLE_NS_ASSERTIONS = NO;
				ENABLE_STRICT_OBJC_MSGSEND = YES;
				GCC_C_LANGUAGE_STANDARD = gnu11;
				GCC_NO_COMMON_BLOCKS = YES;
				GCC_WARN_64_TO_32_BIT_CONVERSION = YES;
				GCC_WARN_ABOUT_RETURN_TYPE = YES_ERROR;
				GCC_WARN_UNDECLARED_SELECTOR = YES;
				GCC_WARN_UNINITIALIZED_AUTOS = YES_AGGRESSIVE;
				GCC_WARN_UNUSED_FUNCTION = YES;
				GCC_WARN_UNUSED_VARIABLE = YES;
				IPHONEOS_DEPLOYMENT_TARGET = 12.1;
				MTL_ENABLE_DEBUG_INFO = NO;
				MTL_FAST_MATH = YES;
				SDKROOT = iphoneos;
				SWIFT_COMPILATION_MODE = wholemodule;
				SWIFT_OPTIMIZATION_LEVEL = "-O";
				VALIDATE_PRODUCT = YES;
			};
			name = Release;
		};
		09490A3D219B540D008AB8D2 /* Debug */ = {
			isa = XCBuildConfiguration;
			buildSettings = {
				ASSETCATALOG_COMPILER_APPICON_NAME = AppIcon;
				CODE_SIGN_STYLE = Automatic;
				INFOPLIST_FILE = "ifood-mobile-test/Info.plist";
				LD_RUNPATH_SEARCH_PATHS = (
					"$(inherited)",
					"@executable_path/Frameworks",
				);
				PRODUCT_BUNDLE_IDENTIFIER = "com.gabriel.ifood-mobile-test";
				PRODUCT_NAME = "$(TARGET_NAME)";
				SWIFT_VERSION = 4.2;
				TARGETED_DEVICE_FAMILY = "1,2";
			};
			name = Debug;
		};
		09490A3E219B540D008AB8D2 /* Release */ = {
			isa = XCBuildConfiguration;
			buildSettings = {
				ASSETCATALOG_COMPILER_APPICON_NAME = AppIcon;
				CODE_SIGN_STYLE = Automatic;
				INFOPLIST_FILE = "ifood-mobile-test/Info.plist";
				LD_RUNPATH_SEARCH_PATHS = (
					"$(inherited)",
					"@executable_path/Frameworks",
				);
				PRODUCT_BUNDLE_IDENTIFIER = "com.gabriel.ifood-mobile-test";
				PRODUCT_NAME = "$(TARGET_NAME)";
				SWIFT_VERSION = 4.2;
				TARGETED_DEVICE_FAMILY = "1,2";
			};
			name = Release;
		};
		09490A40219B540D008AB8D2 /* Debug */ = {
			isa = XCBuildConfiguration;
			buildSettings = {
				ALWAYS_EMBED_SWIFT_STANDARD_LIBRARIES = YES;
				BUNDLE_LOADER = "$(TEST_HOST)";
				CODE_SIGN_STYLE = Automatic;
				INFOPLIST_FILE = "ifood-mobile-testTests/Info.plist";
				LD_RUNPATH_SEARCH_PATHS = (
					"$(inherited)",
					"@executable_path/Frameworks",
					"@loader_path/Frameworks",
				);
				PRODUCT_BUNDLE_IDENTIFIER = "com.gabriel.ifood-mobile-testTests";
				PRODUCT_NAME = "$(TARGET_NAME)";
				SWIFT_VERSION = 4.2;
				TARGETED_DEVICE_FAMILY = "1,2";
				TEST_HOST = "$(BUILT_PRODUCTS_DIR)/ifood-mobile-test.app/ifood-mobile-test";
			};
			name = Debug;
		};
		09490A41219B540D008AB8D2 /* Release */ = {
			isa = XCBuildConfiguration;
			buildSettings = {
				ALWAYS_EMBED_SWIFT_STANDARD_LIBRARIES = YES;
				BUNDLE_LOADER = "$(TEST_HOST)";
				CODE_SIGN_STYLE = Automatic;
				INFOPLIST_FILE = "ifood-mobile-testTests/Info.plist";
				LD_RUNPATH_SEARCH_PATHS = (
					"$(inherited)",
					"@executable_path/Frameworks",
					"@loader_path/Frameworks",
				);
				PRODUCT_BUNDLE_IDENTIFIER = "com.gabriel.ifood-mobile-testTests";
				PRODUCT_NAME = "$(TARGET_NAME)";
				SWIFT_VERSION = 4.2;
				TARGETED_DEVICE_FAMILY = "1,2";
				TEST_HOST = "$(BUILT_PRODUCTS_DIR)/ifood-mobile-test.app/ifood-mobile-test";
			};
			name = Release;
		};
		09490A43219B540D008AB8D2 /* Debug */ = {
			isa = XCBuildConfiguration;
			buildSettings = {
				ALWAYS_EMBED_SWIFT_STANDARD_LIBRARIES = YES;
				CODE_SIGN_STYLE = Automatic;
				INFOPLIST_FILE = "ifood-mobile-testUITests/Info.plist";
				LD_RUNPATH_SEARCH_PATHS = (
					"$(inherited)",
					"@executable_path/Frameworks",
					"@loader_path/Frameworks",
				);
				PRODUCT_BUNDLE_IDENTIFIER = "com.gabriel.ifood-mobile-testUITests";
				PRODUCT_NAME = "$(TARGET_NAME)";
				SWIFT_VERSION = 4.2;
				TARGETED_DEVICE_FAMILY = "1,2";
				TEST_TARGET_NAME = "ifood-mobile-test";
			};
			name = Debug;
		};
		09490A44219B540D008AB8D2 /* Release */ = {
			isa = XCBuildConfiguration;
			buildSettings = {
				ALWAYS_EMBED_SWIFT_STANDARD_LIBRARIES = YES;
				CODE_SIGN_STYLE = Automatic;
				INFOPLIST_FILE = "ifood-mobile-testUITests/Info.plist";
				LD_RUNPATH_SEARCH_PATHS = (
					"$(inherited)",
					"@executable_path/Frameworks",
					"@loader_path/Frameworks",
				);
				PRODUCT_BUNDLE_IDENTIFIER = "com.gabriel.ifood-mobile-testUITests";
				PRODUCT_NAME = "$(TARGET_NAME)";
				SWIFT_VERSION = 4.2;
				TARGETED_DEVICE_FAMILY = "1,2";
				TEST_TARGET_NAME = "ifood-mobile-test";
			};
			name = Release;
		};
/* End XCBuildConfiguration section */

/* Begin XCConfigurationList section */
		09490A0F219B540A008AB8D2 /* Build configuration list for PBXProject "ifood-mobile-test" */ = {
			isa = XCConfigurationList;
			buildConfigurations = (
				09490A3A219B540D008AB8D2 /* Debug */,
				09490A3B219B540D008AB8D2 /* Release */,
			);
			defaultConfigurationIsVisible = 0;
			defaultConfigurationName = Release;
		};
		09490A3C219B540D008AB8D2 /* Build configuration list for PBXNativeTarget "ifood-mobile-test" */ = {
			isa = XCConfigurationList;
			buildConfigurations = (
				09490A3D219B540D008AB8D2 /* Debug */,
				09490A3E219B540D008AB8D2 /* Release */,
			);
			defaultConfigurationIsVisible = 0;
			defaultConfigurationName = Release;
		};
		09490A3F219B540D008AB8D2 /* Build configuration list for PBXNativeTarget "ifood-mobile-testTests" */ = {
			isa = XCConfigurationList;
			buildConfigurations = (
				09490A40219B540D008AB8D2 /* Debug */,
				09490A41219B540D008AB8D2 /* Release */,
			);
			defaultConfigurationIsVisible = 0;
			defaultConfigurationName = Release;
		};
		09490A42219B540D008AB8D2 /* Build configuration list for PBXNativeTarget "ifood-mobile-testUITests" */ = {
			isa = XCConfigurationList;
			buildConfigurations = (
				09490A43219B540D008AB8D2 /* Debug */,
				09490A44219B540D008AB8D2 /* Release */,
			);
			defaultConfigurationIsVisible = 0;
			defaultConfigurationName = Release;
		};
/* End XCConfigurationList section */
	};
	rootObject = 09490A0C219B540A008AB8D2 /* Project object */;
}
